
Microsoft Visual Studio Solution File, Format Version 12.00
# Visual Studio Version 17
VisualStudioVersion = 17.8.34525.116
MinimumVisualStudioVersion = 10.0.40219.1
Project("{9A19103F-16F7-4668-BE54-9A1E7A4F7556}") = "01.CountSameValuesInArray", "01.CountSameValuesInArray\01.CountSameValuesInArray.csproj", "{B0322BA6-B846-4B25-A092-488C2746CA1E}"
EndProject
Project("{9A19103F-16F7-4668-BE54-9A1E7A4F7556}") = "02.AverageStudentGrades", "02.AverageStudentGrades\02.AverageStudentGrades.csproj", "{9F24E2CF-F079-4C6F-8182-C748FCAA7F58}"
EndProject
Project("{9A19103F-16F7-4668-BE54-9A1E7A4F7556}") = "03.LargestThreeNumbers", "03.LargestThreeNumbers\03.LargestThreeNumbers.csproj", "{ACCE9AB3-931E-4C5E-B57C-464D41D90C1E}"
EndProject
Project("{FAE04EC0-301F-11D3-BF4B-00C04F79EFBC}") = "04.ProductShop", "04.ProductShop\04.ProductShop.csproj", "{44ED404A-A97E-4437-8317-CB70AAC89F8C}"
EndProject
Project("{FAE04EC0-301F-11D3-BF4B-00C04F79EFBC}") = "05.CitiesByContinentAndCountry", "05.CitiesByContinentAndCountry\05.CitiesByContinentAndCountry.csproj", "{CA06F31A-FE68-4AE5-8181-A75675E61CD4}"
EndProject
Project("{FAE04EC0-301F-11D3-BF4B-00C04F79EFBC}") = "06.RecordUniqueNames", "06.RecordUniqueNames\06.RecordUniqueNames.csproj", "{0A5D431C-20AD-49A8-9163-C3699ABE9598}"
EndProject
Project("{FAE04EC0-301F-11D3-BF4B-00C04F79EFBC}") = "07.ParkingLot", "07.ParkingLot\07.ParkingLot.csproj", "{E553BD0B-7647-4217-B4AC-D76A72D377AA}"
EndProject
Project("{FAE04EC0-301F-11D3-BF4B-00C04F79EFBC}") = "08.SoftUniParty", "08.SoftUniParty\08.SoftUniParty.csproj", "{030450BD-6B50-4F21-A55E-312FE1E1616F}"
EndProject
Project("{FAE04EC0-301F-11D3-BF4B-00C04F79EFBC}") = "SoftUniHashSet", "SoftUniHashSet\SoftUniHashSet.csproj", "{9A0283CB-965D-4B2E-8F63-0EC9613DF6F0}"
EndProject
Global
	GlobalSection(SolutionConfigurationPlatforms) = preSolution
		Debug|Any CPU = Debug|Any CPU
		Release|Any CPU = Release|Any CPU
	EndGlobalSection
	GlobalSection(ProjectConfigurationPlatforms) = postSolution
		{B0322BA6-B846-4B25-A092-488C2746CA1E}.Debug|Any CPU.ActiveCfg = Debug|Any CPU
		{B0322BA6-B846-4B25-A092-488C2746CA1E}.Debug|Any CPU.Build.0 = Debug|Any CPU
		{B0322BA6-B846-4B25-A092-488C2746CA1E}.Release|Any CPU.ActiveCfg = Release|Any CPU
		{B0322BA6-B846-4B25-A092-488C2746CA1E}.Release|Any CPU.Build.0 = Release|Any CPU
		{9F24E2CF-F079-4C6F-8182-C748FCAA7F58}.Debug|Any CPU.ActiveCfg = Debug|Any CPU
		{9F24E2CF-F079-4C6F-8182-C748FCAA7F58}.Debug|Any CPU.Build.0 = Debug|Any CPU
		{9F24E2CF-F079-4C6F-8182-C748FCAA7F58}.Release|Any CPU.ActiveCfg = Release|Any CPU
		{9F24E2CF-F079-4C6F-8182-C748FCAA7F58}.Release|Any CPU.Build.0 = Release|Any CPU
		{ACCE9AB3-931E-4C5E-B57C-464D41D90C1E}.Debug|Any CPU.ActiveCfg = Debug|Any CPU
		{ACCE9AB3-931E-4C5E-B57C-464D41D90C1E}.Debug|Any CPU.Build.0 = Debug|Any CPU
		{ACCE9AB3-931E-4C5E-B57C-464D41D90C1E}.Release|Any CPU.ActiveCfg = Release|Any CPU
		{ACCE9AB3-931E-4C5E-B57C-464D41D90C1E}.Release|Any CPU.Build.0 = Release|Any CPU
		{44ED404A-A97E-4437-8317-CB70AAC89F8C}.Debug|Any CPU.ActiveCfg = Debug|Any CPU
		{44ED404A-A97E-4437-8317-CB70AAC89F8C}.Debug|Any CPU.Build.0 = Debug|Any CPU
		{44ED404A-A97E-4437-8317-CB70AAC89F8C}.Release|Any CPU.ActiveCfg = Release|Any CPU
		{44ED404A-A97E-4437-8317-CB70AAC89F8C}.Release|Any CPU.Build.0 = Release|Any CPU
		{CA06F31A-FE68-4AE5-8181-A75675E61CD4}.Debug|Any CPU.ActiveCfg = Debug|Any CPU
		{CA06F31A-FE68-4AE5-8181-A75675E61CD4}.Debug|Any CPU.Build.0 = Debug|Any CPU
		{CA06F31A-FE68-4AE5-8181-A75675E61CD4}.Release|Any CPU.ActiveCfg = Release|Any CPU
		{CA06F31A-FE68-4AE5-8181-A75675E61CD4}.Release|Any CPU.Build.0 = Release|Any CPU
		{0A5D431C-20AD-49A8-9163-C3699ABE9598}.Debug|Any CPU.ActiveCfg = Debug|Any CPU
		{0A5D431C-20AD-49A8-9163-C3699ABE9598}.Debug|Any CPU.Build.0 = Debug|Any CPU
		{0A5D431C-20AD-49A8-9163-C3699ABE9598}.Release|Any CPU.ActiveCfg = Release|Any CPU
		{0A5D431C-20AD-49A8-9163-C3699ABE9598}.Release|Any CPU.Build.0 = Release|Any CPU
		{E553BD0B-7647-4217-B4AC-D76A72D377AA}.Debug|Any CPU.ActiveCfg = Debug|Any CPU
		{E553BD0B-7647-4217-B4AC-D76A72D377AA}.Debug|Any CPU.Build.0 = Debug|Any CPU
		{E553BD0B-7647-4217-B4AC-D76A72D377AA}.Release|Any CPU.ActiveCfg = Release|Any CPU
		{E553BD0B-7647-4217-B4AC-D76A72D377AA}.Release|Any CPU.Build.0 = Release|Any CPU
		{030450BD-6B50-4F21-A55E-312FE1E1616F}.Debug|Any CPU.ActiveCfg = Debug|Any CPU
		{030450BD-6B50-4F21-A55E-312FE1E1616F}.Debug|Any CPU.Build.0 = Debug|Any CPU
		{030450BD-6B50-4F21-A55E-312FE1E1616F}.Release|Any CPU.ActiveCfg = Release|Any CPU
		{030450BD-6B50-4F21-A55E-312FE1E1616F}.Release|Any CPU.Build.0 = Release|Any CPU
		{9A0283CB-965D-4B2E-8F63-0EC9613DF6F0}.Debug|Any CPU.ActiveCfg = Debug|Any CPU
		{9A0283CB-965D-4B2E-8F63-0EC9613DF6F0}.Debug|Any CPU.Build.0 = Debug|Any CPU
		{9A0283CB-965D-4B2E-8F63-0EC9613DF6F0}.Release|Any CPU.ActiveCfg = Release|Any CPU
		{9A0283CB-965D-4B2E-8F63-0EC9613DF6F0}.Release|Any CPU.Build.0 = Release|Any CPU
	EndGlobalSection
	GlobalSection(SolutionProperties) = preSolution
		HideSolutionNode = FALSE
	EndGlobalSection
	GlobalSection(ExtensibilityGlobals) = postSolution
		SolutionGuid = {6C43A0FC-BC4B-4ED7-BD93-7D159DB024FF}
	EndGlobalSection
EndGlobal
