
Microsoft Visual Studio Solution File, Format Version 12.00
# Visual Studio Version 17
VisualStudioVersion = 17.8.34511.84
MinimumVisualStudioVersion = 10.0.40219.1
Project("{9A19103F-16F7-4668-BE54-9A1E7A4F7556}") = "01.SumMatrixElements", "01.SumMatrixElements\01.SumMatrixElements.csproj", "{1055DAC4-0BB1-400D-ADB7-AC42115FCFA6}"
EndProject
Project("{9A19103F-16F7-4668-BE54-9A1E7A4F7556}") = "02.SumMatrixColumns", "02.SumMatrixColumns\02.SumMatrixColumns.csproj", "{FF2BB7BF-1D6E-4CE2-95D9-83825B6521F6}"
EndProject
Project("{9A19103F-16F7-4668-BE54-9A1E7A4F7556}") = "03.PrimaryDiagonal", "03.PrimaryDiagonal\03.PrimaryDiagonal.csproj", "{779BB81C-6011-4D4D-BF0E-5E690083251A}"
EndProject
Project("{9A19103F-16F7-4668-BE54-9A1E7A4F7556}") = "04.SymbolInMatrix", "04.SymbolInMatrix\04.SymbolInMatrix.csproj", "{03627445-AEA1-428C-B36E-18A161F0D952}"
EndProject
Project("{9A19103F-16F7-4668-BE54-9A1E7A4F7556}") = "05.SquareWithMaximumSum", "05.SquareWithMaximumSum\05.SquareWithMaximumSum.csproj", "{D3CF79CB-1144-446E-8759-08A30E0E3FCE}"
EndProject
Project("{9A19103F-16F7-4668-BE54-9A1E7A4F7556}") = "06.JaggedArrayModification", "06.JaggedArrayModification\06.JaggedArrayModification.csproj", "{E1A00F2B-8939-4DC7-96FE-2AD63B2AB33B}"
EndProject
Project("{FAE04EC0-301F-11D3-BF4B-00C04F79EFBC}") = "07.PascalTriangle", "07.PascalTriangle\07.PascalTriangle.csproj", "{B80D2847-40CC-444D-97C3-BBDBDFCD4BF6}"
EndProject
Global
	GlobalSection(SolutionConfigurationPlatforms) = preSolution
		Debug|Any CPU = Debug|Any CPU
		Release|Any CPU = Release|Any CPU
	EndGlobalSection
	GlobalSection(ProjectConfigurationPlatforms) = postSolution
		{1055DAC4-0BB1-400D-ADB7-AC42115FCFA6}.Debug|Any CPU.ActiveCfg = Debug|Any CPU
		{1055DAC4-0BB1-400D-ADB7-AC42115FCFA6}.Debug|Any CPU.Build.0 = Debug|Any CPU
		{1055DAC4-0BB1-400D-ADB7-AC42115FCFA6}.Release|Any CPU.ActiveCfg = Release|Any CPU
		{1055DAC4-0BB1-400D-ADB7-AC42115FCFA6}.Release|Any CPU.Build.0 = Release|Any CPU
		{FF2BB7BF-1D6E-4CE2-95D9-83825B6521F6}.Debug|Any CPU.ActiveCfg = Debug|Any CPU
		{FF2BB7BF-1D6E-4CE2-95D9-83825B6521F6}.Debug|Any CPU.Build.0 = Debug|Any CPU
		{FF2BB7BF-1D6E-4CE2-95D9-83825B6521F6}.Release|Any CPU.ActiveCfg = Release|Any CPU
		{FF2BB7BF-1D6E-4CE2-95D9-83825B6521F6}.Release|Any CPU.Build.0 = Release|Any CPU
		{779BB81C-6011-4D4D-BF0E-5E690083251A}.Debug|Any CPU.ActiveCfg = Debug|Any CPU
		{779BB81C-6011-4D4D-BF0E-5E690083251A}.Debug|Any CPU.Build.0 = Debug|Any CPU
		{779BB81C-6011-4D4D-BF0E-5E690083251A}.Release|Any CPU.ActiveCfg = Release|Any CPU
		{779BB81C-6011-4D4D-BF0E-5E690083251A}.Release|Any CPU.Build.0 = Release|Any CPU
		{03627445-AEA1-428C-B36E-18A161F0D952}.Debug|Any CPU.ActiveCfg = Debug|Any CPU
		{03627445-AEA1-428C-B36E-18A161F0D952}.Debug|Any CPU.Build.0 = Debug|Any CPU
		{03627445-AEA1-428C-B36E-18A161F0D952}.Release|Any CPU.ActiveCfg = Release|Any CPU
		{03627445-AEA1-428C-B36E-18A161F0D952}.Release|Any CPU.Build.0 = Release|Any CPU
		{D3CF79CB-1144-446E-8759-08A30E0E3FCE}.Debug|Any CPU.ActiveCfg = Debug|Any CPU
		{D3CF79CB-1144-446E-8759-08A30E0E3FCE}.Debug|Any CPU.Build.0 = Debug|Any CPU
		{D3CF79CB-1144-446E-8759-08A30E0E3FCE}.Release|Any CPU.ActiveCfg = Release|Any CPU
		{D3CF79CB-1144-446E-8759-08A30E0E3FCE}.Release|Any CPU.Build.0 = Release|Any CPU
		{E1A00F2B-8939-4DC7-96FE-2AD63B2AB33B}.Debug|Any CPU.ActiveCfg = Debug|Any CPU
		{E1A00F2B-8939-4DC7-96FE-2AD63B2AB33B}.Debug|Any CPU.Build.0 = Debug|Any CPU
		{E1A00F2B-8939-4DC7-96FE-2AD63B2AB33B}.Release|Any CPU.ActiveCfg = Release|Any CPU
		{E1A00F2B-8939-4DC7-96FE-2AD63B2AB33B}.Release|Any CPU.Build.0 = Release|Any CPU
		{B80D2847-40CC-444D-97C3-BBDBDFCD4BF6}.Debug|Any CPU.ActiveCfg = Debug|Any CPU
		{B80D2847-40CC-444D-97C3-BBDBDFCD4BF6}.Debug|Any CPU.Build.0 = Debug|Any CPU
		{B80D2847-40CC-444D-97C3-BBDBDFCD4BF6}.Release|Any CPU.ActiveCfg = Release|Any CPU
		{B80D2847-40CC-444D-97C3-BBDBDFCD4BF6}.Release|Any CPU.Build.0 = Release|Any CPU
	EndGlobalSection
	GlobalSection(SolutionProperties) = preSolution
		HideSolutionNode = FALSE
	EndGlobalSection
	GlobalSection(ExtensibilityGlobals) = postSolution
		SolutionGuid = {CF792EE4-1850-42EA-99A3-5087692303B9}
	EndGlobalSection
EndGlobal
