
Microsoft Visual Studio Solution File, Format Version 12.00
# Visual Studio Version 17
VisualStudioVersion = 17.9.34607.119
MinimumVisualStudioVersion = 10.0.40219.1
Project("{9A19103F-16F7-4668-BE54-9A1E7A4F7556}") = "CustomDoublyLinkedList", "Implementation\CustomDoublyLinkedList.csproj", "{915D9BCD-6663-4BCD-A455-75E48D5F1D91}"
EndProject
Project("{9A19103F-16F7-4668-BE54-9A1E7A4F7556}") = "StackAndQueue", "StackAndQueue\StackAndQueue.csproj", "{453D1685-387E-48AC-9973-8DF77D5ABA3E}"
EndProject
Global
	GlobalSection(SolutionConfigurationPlatforms) = preSolution
		Debug|Any CPU = Debug|Any CPU
		Release|Any CPU = Release|Any CPU
	EndGlobalSection
	GlobalSection(ProjectConfigurationPlatforms) = postSolution
		{915D9BCD-6663-4BCD-A455-75E48D5F1D91}.Debug|Any CPU.ActiveCfg = Debug|Any CPU
		{915D9BCD-6663-4BCD-A455-75E48D5F1D91}.Debug|Any CPU.Build.0 = Debug|Any CPU
		{915D9BCD-6663-4BCD-A455-75E48D5F1D91}.Release|Any CPU.ActiveCfg = Release|Any CPU
		{915D9BCD-6663-4BCD-A455-75E48D5F1D91}.Release|Any CPU.Build.0 = Release|Any CPU
		{453D1685-387E-48AC-9973-8DF77D5ABA3E}.Debug|Any CPU.ActiveCfg = Debug|Any CPU
		{453D1685-387E-48AC-9973-8DF77D5ABA3E}.Debug|Any CPU.Build.0 = Debug|Any CPU
		{453D1685-387E-48AC-9973-8DF77D5ABA3E}.Release|Any CPU.ActiveCfg = Release|Any CPU
		{453D1685-387E-48AC-9973-8DF77D5ABA3E}.Release|Any CPU.Build.0 = Release|Any CPU
	EndGlobalSection
	GlobalSection(SolutionProperties) = preSolution
		HideSolutionNode = FALSE
	EndGlobalSection
	GlobalSection(ExtensibilityGlobals) = postSolution
		SolutionGuid = {5981FA1B-B815-4DF6-B46D-03B2E3DB0148}
	EndGlobalSection
EndGlobal
